# This file is generated by running "yarn install" inside your project.
# Manual changes might be lost - proceed with caution!

__metadata:
  version: 4
  cacheKey: 7

"bluebird@npm:^2.9.30":
  version: 2.11.0
  resolution: "bluebird@npm:2.11.0"
  checksum: b7711b9a8753b0a70f45f420ce538d8d8ba0a42b2509e06f34ef815b235a60d1871290fedc69c8ce4526ff7fff76effbbdc42decaf56aa69bfe93df2e9dc967c
  languageName: node
  linkType: hard

"bluebird@npm:^3.5.0":
  version: 3.7.2
  resolution: "bluebird@npm:3.7.2"
  checksum: 4f2288662f3d4eadbb82d4daa4a7d7976a28fa3c7eb4102c9b4033b03e5be4574ba123ac52a7c103cde4cb7b2d2afc1dbe41817ca15a29ff21ecd258d0286047
  languageName: node
  linkType: hard

"bot-titlechange@workspace:.":
  version: 0.0.0-use.local
  resolution: "bot-titlechange@workspace:."
  dependencies:
    escape-string-regexp: ^4.0.0
    ioredis: ^4.19.4
    node-async-locks: ^1.0.1
    node-persist: ^3.1.0
    prettier: ^2.1.2
    request-promise: ^4.2.6
    tmi.js: ^1.5.0
  languageName: unknown
  linkType: soft

"cluster-key-slot@npm:^1.1.0":
  version: 1.1.0
  resolution: "cluster-key-slot@npm:1.1.0"
  checksum: 3b41b06942f6b0df71029dec9df6a272be2ab78353d60fcdc5a4af3b88a749d7fb2d1d3b092db0108b2bdd104086c03edcaa3b25ef432590bb954981d6cd7715
  languageName: node
  linkType: hard

"debug@npm:^4.1.1":
  version: 4.3.2
  resolution: "debug@npm:4.3.2"
  dependencies:
    ms: 2.1.2
  peerDependenciesMeta:
    supports-color:
      optional: true
  checksum: 5543570879e2274f6725d4285a034d6e0822d35faefc6f55965933fb440e8c21eb3a0bef934e66f4b6b491f898ee2de37cab980e9d4fd61372136c19d3ce4527
  languageName: node
  linkType: hard

"denque@npm:^1.1.0":
  version: 1.5.0
  resolution: "denque@npm:1.5.0"
  checksum: 3564778cda60c7dee3f1d71e397e50e6b39a8c06118aab9843b9396cb621b3191ab56d13de5237b8beee2b87bec485e8239c58ca3133472d2d1eaa3d2d518022
  languageName: node
  linkType: hard

"escape-string-regexp@npm:^4.0.0":
  version: 4.0.0
  resolution: "escape-string-regexp@npm:4.0.0"
  checksum: c747be8d5ff7873127e3e0cffe7d2206a37208077fa9c30a3c1bb4f26bebd081c8c24d5fba7a99449f9d20670bea3dc5e1b6098b0f074b099bd38766271a272f
  languageName: node
  linkType: hard

"ioredis@npm:^4.19.4":
  version: 4.22.0
  resolution: "ioredis@npm:4.22.0"
  dependencies:
    cluster-key-slot: ^1.1.0
    debug: ^4.1.1
    denque: ^1.1.0
    lodash.defaults: ^4.2.0
    lodash.flatten: ^4.4.0
    p-map: ^2.1.0
    redis-commands: 1.7.0
    redis-errors: ^1.2.0
    redis-parser: ^3.0.0
    standard-as-callback: ^2.0.1
  checksum: ffe9aec371bda152ae8aee61fda079c3344252c67d778dc8740b14c8633d983f390d8b91df8b3a2ba52b9c7c0e3df343c85e23a9f5dbd83516637e295ffd203b
  languageName: node
  linkType: hard

"lodash.defaults@npm:^4.2.0":
  version: 4.2.0
  resolution: "lodash.defaults@npm:4.2.0"
  checksum: fde72e71f7b7ece10c24e43dd601574168467d50bc76687302d40de341d5cb8e35b100105d938458747d2ad5f20d8bb736e62523ef39d1a8b40f7307c50f10ac
  languageName: node
  linkType: hard

"lodash.flatten@npm:^4.4.0":
  version: 4.4.0
  resolution: "lodash.flatten@npm:4.4.0"
  checksum: f22a7f6f163256d87345b07c76122e03d03abbf943b6c3aa5e5fafb7d5bce765013aedfc2aae7e649af0907287a2cf85de24237dbdd3ecd485a77d56e070b54c
  languageName: node
  linkType: hard

"lodash@npm:^3.9.3":
  version: 3.10.1
  resolution: "lodash@npm:3.10.1"
  checksum: 0d90e79ce058c8d3e12a027a9fe7bc26107ec5c674c66bfe28c68931c12b7de2a5366477bd639adbf0e60407df3a259b77123c440e1fd2cec09ad1423b574a64
  languageName: node
  linkType: hard

"lodash@npm:^4.17.19":
  version: 4.17.20
  resolution: "lodash@npm:4.17.20"
  checksum: c62101d2500c383b5f174a7e9e6fe8098149ddd6e9ccfa85f36d4789446195f5c4afd3cfba433026bcaf3da271256566b04a2bf2618e5a39f6e67f8c12030cb6
  languageName: node
  linkType: hard

"ms@npm:2.1.2":
  version: 2.1.2
  resolution: "ms@npm:2.1.2"
  checksum: 9b65fb709bc30c0c07289dcbdb61ca032acbb9ea5698b55fa62e2cebb04c5953f1876a1f3f7f4bc2e91d4bf4d86003f3e207c3bc6ee2f716f99827e62389cd0e
  languageName: node
  linkType: hard

"node-async-locks@npm:^1.0.1":
  version: 1.0.1
  resolution: "node-async-locks@npm:1.0.1"
  dependencies:
    bluebird: ^2.9.30
    lodash: ^3.9.3
  checksum: 38f97da4a52ed792efebbf0ce80c7b7acbf9083f8c9665473d05fff1b7dd0f09e5e7195ff45fb7f9086783052d187f08192e5e006e7fcad9238693469eb4228c
  languageName: node
  linkType: hard

"node-fetch@npm:2.6.1":
  version: 2.6.1
  resolution: "node-fetch@npm:2.6.1"
  checksum: cbb171635e538162b977eac5dfe7a1e07a9a02e991924377a6435502291e2f823d306b95aabc455caebf4a118ccf836868462bc70ccc3095af02bb9da61fda37
  languageName: node
  linkType: hard

"node-persist@npm:^3.1.0":
  version: 3.1.0
  resolution: "node-persist@npm:3.1.0"
  checksum: c0cb2ec59d56d7760b6efdbb553511009cd40ce4709c27e7f29b7eee1318572a346031879f732c932b496d47fa406d657a4b7717e4411f9ab031a70fb62e9443
  languageName: node
  linkType: hard

"p-map@npm:^2.1.0":
  version: 2.1.0
  resolution: "p-map@npm:2.1.0"
  checksum: 8557e841ed832a489aaee7d825b7bea73e0559c452578821f5af418f430a8455727ab8dd5b4318b6b6733096029cfa571aa0e8d21bdd2c213025f02f919f7a9a
  languageName: node
  linkType: hard

"prettier@npm:^2.1.2":
  version: 2.2.1
  resolution: "prettier@npm:2.2.1"
  bin:
    prettier: bin-prettier.js
  checksum: 92c6c9f4b87eba1f28466edee57dd18c80d00b858edda77d46d1950d20e6e302b68ee255fc91133ba931e63c4577b5ae30da194d9626a8f3c0177778b91bf056
  languageName: node
  linkType: hard

"psl@npm:^1.1.28":
  version: 1.8.0
  resolution: "psl@npm:1.8.0"
  checksum: 92d47c6257456878bfa8190d76b84de69bcefdc129eeee3f9fe204c15fd08d35fe5b8627033f39b455e40a9375a1474b25ff4ab2c5448dd8c8f75da692d0f5b4
  languageName: node
  linkType: hard

"punycode@npm:^2.1.1":
  version: 2.1.1
  resolution: "punycode@npm:2.1.1"
  checksum: 0202dc191cb35bfd88870ac99a1e824b03486d4cee20b543ef337a6dee8d8b11017da32a3e4c40b69b19976e982c030b62bd72bba42884acb691bc5ef91354c8
  languageName: node
  linkType: hard

"redis-commands@npm:1.7.0":
  version: 1.7.0
  resolution: "redis-commands@npm:1.7.0"
  checksum: cbf5d33768b1c8e1001e2a7ffdaeb6ef830c538ef812d803a1c5e6038cf03482cf0a22b29eadf1182aa02a522331826e3af0967ae75fa7883da8a139ad2fc77b
  languageName: node
  linkType: hard

"redis-errors@npm:^1.0.0, redis-errors@npm:^1.2.0":
  version: 1.2.0
  resolution: "redis-errors@npm:1.2.0"
  checksum: b260bb64a1c8523d32a56701681ac3e5cc6bb0a4eb09f1d30729ebba397021d274216ff189909c08fe3c6b706ec8b74948e20ea410b6f69d31b35bda3fb82a59
  languageName: node
  linkType: hard

"redis-parser@npm:^3.0.0":
  version: 3.0.0
  resolution: "redis-parser@npm:3.0.0"
  dependencies:
    redis-errors: ^1.0.0
  checksum: 45dbcb05bed2c80a4aac288bbefed2347ecf3508c24d542ab42efa21fd63b5aaca4208b206f05818835a2ac43abe09250c2638c11c3b0b66a5d67e83985e350f
  languageName: node
  linkType: hard

"request-promise-core@npm:1.1.4":
  version: 1.1.4
  resolution: "request-promise-core@npm:1.1.4"
  dependencies:
    lodash: ^4.17.19
  peerDependencies:
    request: ^2.34
  checksum: 7c9c90bf00158f6669e7167425cd113edadaca44b5aebc7c6a7969d9f50d93bfae8275038bdf6389b4e94f1cacacca7e5830d28701692818bdfba353eeb2ddfd
  languageName: node
  linkType: hard

"request-promise@npm:^4.2.6":
  version: 4.2.6
  resolution: "request-promise@npm:4.2.6"
  dependencies:
    bluebird: ^3.5.0
    request-promise-core: 1.1.4
    stealthy-require: ^1.1.1
    tough-cookie: ^2.3.3
  peerDependencies:
    request: ^2.34
  checksum: 6a715e7817dd11a77ac2a1eaa334a3fb5616436be1a2ffe07f605711a1cd6bf87149aa6173dfda8897f81e399b86f98ed088c594fa1a726958777fcb4a26a991
  languageName: node
  linkType: hard

"standard-as-callback@npm:^2.0.1":
  version: 2.0.1
  resolution: "standard-as-callback@npm:2.0.1"
  checksum: 58a0ddb90d674f6af7e099c1fedd339276e98a218fd88f1a6134a4910c5ff8d272815cf8cc758b2d61fa3f523853c8fa6ef3cb0692912e7ff35870dedffa8ffc
  languageName: node
  linkType: hard

"stealthy-require@npm:^1.1.1":
  version: 1.1.1
  resolution: "stealthy-require@npm:1.1.1"
  checksum: f24a9bc613817dea37afcbf64578f2ba0195916d906ebdaa1c1d5b8e9d51fd462cbf4c61ae04217babd0cf662e6c0115fd972dffa8e62a7f6f44f3109fb4c796
  languageName: node
  linkType: hard

"tmi.js@npm:^1.5.0":
  version: 1.7.1
  resolution: "tmi.js@npm:1.7.1"
  dependencies:
    node-fetch: 2.6.1
    ws: 7.4.0
  checksum: 86f90d29dc8e6d95211528f92174866f63c8194d3e4558c1b49dd60a8381aad05bfafc9495b3ef2385ee2c7b106e90c158366d47aa96a206d65dd844c625f2c8
  languageName: node
  linkType: hard

"tough-cookie@npm:^2.3.3":
  version: 2.5.0
  resolution: "tough-cookie@npm:2.5.0"
  dependencies:
    psl: ^1.1.28
    punycode: ^2.1.1
  checksum: bf5d6fac5ce0bebc5876cb9b9a79d3d9ea21c9e4099f3d3e64701d6ba170a052cb88cece6737ec2473bac4f0a4f6c75d46ec17985be8587c6bbdd38d91625cb4
  languageName: node
  linkType: hard

"ws@npm:7.4.0":
  version: 7.4.0
  resolution: "ws@npm:7.4.0"
  peerDependencies:
    bufferutil: ^4.0.1
    utf-8-validate: ^5.0.2
  peerDependenciesMeta:
    bufferutil:
      optional: true
    utf-8-validate:
      optional: true
  checksum: 67c0f3b86d89c20e337b0bd712e0a2752068eadc0cf13c024d0532c18d073381ced485fb114a636998327a82c34d83720f4ceb7632395c0cb9580ce221177fd8
  languageName: node
  linkType: hard
