# This file is generated by running "yarn install" inside your project.
# Manual changes might be lost - proceed with caution!

__metadata:
  version: 4
  cacheKey: 7

"ajv@npm:^6.12.3":
  version: 6.12.6
  resolution: "ajv@npm:6.12.6"
  dependencies:
    fast-deep-equal: ^3.1.1
    fast-json-stable-stringify: ^2.0.0
    json-schema-traverse: ^0.4.1
    uri-js: ^4.2.2
  checksum: 19a8f3b0a06001eb68e6268f4f9f04424b32baadd5df6ba8292cd473e22e5f4019ed9ab17c3e3510394178ed8bef9b42ad0bdb5c675d65f042421a774780ce1a
  languageName: node
  linkType: hard

"asn1@npm:~0.2.3":
  version: 0.2.4
  resolution: "asn1@npm:0.2.4"
  dependencies:
    safer-buffer: ~2.1.0
  checksum: 5743ace942e2faa0b72f3b14bf1826509c5ca707ea150c10520f52b04f90aa715cee4370ec2e6279ce1ceb7d3c472ca33270124e90b495bea4c9b02f41b9d8ac
  languageName: node
  linkType: hard

"assert-plus@npm:1.0.0, assert-plus@npm:^1.0.0":
  version: 1.0.0
  resolution: "assert-plus@npm:1.0.0"
  checksum: 1bda24f67343ccb75a7eee31179c92cf9f79bd6f6bc24101b0ce1495ef979376dd9b0f9b9064812bba564cdade5fbf851ed76b4a44b5e141d49cdaee6ffed6b2
  languageName: node
  linkType: hard

"asynckit@npm:^0.4.0":
  version: 0.4.0
  resolution: "asynckit@npm:0.4.0"
  checksum: a024000b9ddd938e2f27b3cb8188f96a5e1fff58185e98b84862fc4e01de279a547874a800340c2b106bb9de9b0fc61c6c683bc6892abf65e6be29a96addafd3
  languageName: node
  linkType: hard

"aws-sign2@npm:~0.7.0":
  version: 0.7.0
  resolution: "aws-sign2@npm:0.7.0"
  checksum: 7162b9b8fbd4cf451bd889b0ed27fc895f88e6a6cb5c5609de49759ea1a6e31646f86ca8e18d90bea0455c4caa466fc9692c1098a1784d2372a358cb68c1eea6
  languageName: node
  linkType: hard

"aws4@npm:^1.8.0":
  version: 1.11.0
  resolution: "aws4@npm:1.11.0"
  checksum: d30dce2b73839974894d8283a06c53e8374b74d643d3b08340d84c364e01158be011fcfd1a88f8462be946d69055313a3038202f2eafd155b039aaab3549ba21
  languageName: node
  linkType: hard

"bcrypt-pbkdf@npm:^1.0.0":
  version: 1.0.2
  resolution: "bcrypt-pbkdf@npm:1.0.2"
  dependencies:
    tweetnacl: ^0.14.3
  checksum: 3f57eb99bbc02352f68ff31e446997f4d21cc9a5e5286449dc1fe0116ec5dac5a4aa538967d45714fa9320312d2be8d16126f2d357da1dd40a3d546b96e097ed
  languageName: node
  linkType: hard

"bluebird@npm:^2.9.30":
  version: 2.11.0
  resolution: "bluebird@npm:2.11.0"
  checksum: b7711b9a8753b0a70f45f420ce538d8d8ba0a42b2509e06f34ef815b235a60d1871290fedc69c8ce4526ff7fff76effbbdc42decaf56aa69bfe93df2e9dc967c
  languageName: node
  linkType: hard

"bluebird@npm:^3.5.0":
  version: 3.7.2
  resolution: "bluebird@npm:3.7.2"
  checksum: 4f2288662f3d4eadbb82d4daa4a7d7976a28fa3c7eb4102c9b4033b03e5be4574ba123ac52a7c103cde4cb7b2d2afc1dbe41817ca15a29ff21ecd258d0286047
  languageName: node
  linkType: hard

"bot-titlechange@workspace:.":
  version: 0.0.0-use.local
  resolution: "bot-titlechange@workspace:."
  dependencies:
    escape-string-regexp: ^4.0.0
    ioredis: ^4.19.4
    node-async-locks: ^1.0.1
    node-persist: ^3.1.0
    prettier: ^2.1.2
    request: ^2.88.2
    request-promise: ^4.2.6
    tmi.js: ^1.5.0
  languageName: unknown
  linkType: soft

"caseless@npm:~0.12.0":
  version: 0.12.0
  resolution: "caseless@npm:0.12.0"
  checksum: 147f48bff9bebf029d7050e2335da3f8d295f26d157edf08d8c3282c804dae04a462c4cd6efa8179755686aa3aeaca5c28f3e7f3559698bc0484c65e46c36c5b
  languageName: node
  linkType: hard

"cluster-key-slot@npm:^1.1.0":
  version: 1.1.0
  resolution: "cluster-key-slot@npm:1.1.0"
  checksum: 3b41b06942f6b0df71029dec9df6a272be2ab78353d60fcdc5a4af3b88a749d7fb2d1d3b092db0108b2bdd104086c03edcaa3b25ef432590bb954981d6cd7715
  languageName: node
  linkType: hard

"combined-stream@npm:^1.0.6, combined-stream@npm:~1.0.6":
  version: 1.0.8
  resolution: "combined-stream@npm:1.0.8"
  dependencies:
    delayed-stream: ~1.0.0
  checksum: 5791ce7944530f0db74a97e77ea28b6fdbf89afcf038e41d6b4195019c4c803cd19ed2905a54959e5b3830d50bd5d6f93c681c6d3aaea8614ad43b48e62e9d65
  languageName: node
  linkType: hard

"core-util-is@npm:1.0.2":
  version: 1.0.2
  resolution: "core-util-is@npm:1.0.2"
  checksum: 089015ee3c462dfceba70faa1df83b42a7bb35db26dae6af283247b06fe3216c65fccd9f00eebcaf98300dc31e981d56aae9f90b624f8f6ff1153e235ff88b65
  languageName: node
  linkType: hard

"dashdash@npm:^1.12.0":
  version: 1.14.1
  resolution: "dashdash@npm:1.14.1"
  dependencies:
    assert-plus: ^1.0.0
  checksum: 5959409ee42dc4bdbf3fa384b801ece580ca336658bb0342ffab0099b3fc6bf9b3e239e1b82dcc4fcaeee315353e08f2eae47b0928a6a579391598c44958afa1
  languageName: node
  linkType: hard

"debug@npm:^4.1.1":
  version: 4.3.2
  resolution: "debug@npm:4.3.2"
  dependencies:
    ms: 2.1.2
  peerDependenciesMeta:
    supports-color:
      optional: true
  checksum: 5543570879e2274f6725d4285a034d6e0822d35faefc6f55965933fb440e8c21eb3a0bef934e66f4b6b491f898ee2de37cab980e9d4fd61372136c19d3ce4527
  languageName: node
  linkType: hard

"delayed-stream@npm:~1.0.0":
  version: 1.0.0
  resolution: "delayed-stream@npm:1.0.0"
  checksum: d9dfb0a7c79fd308fada9db2cf29d1ff22047ceb50dd78f7e3c173567909b438f418259cb76a6d9c9f513e88ef41d3a14154f618741ec8368c3efeff616d0c9f
  languageName: node
  linkType: hard

"denque@npm:^1.1.0":
  version: 1.5.0
  resolution: "denque@npm:1.5.0"
  checksum: 3564778cda60c7dee3f1d71e397e50e6b39a8c06118aab9843b9396cb621b3191ab56d13de5237b8beee2b87bec485e8239c58ca3133472d2d1eaa3d2d518022
  languageName: node
  linkType: hard

"ecc-jsbn@npm:~0.1.1":
  version: 0.1.2
  resolution: "ecc-jsbn@npm:0.1.2"
  dependencies:
    jsbn: ~0.1.0
    safer-buffer: ^2.1.0
  checksum: 5b4dd05f24b2b94c1bb882488dba2b878bb5b83182669aa71fbdf53c6941618180cb226c4eb9a3e2fa51ad11f87b5edb0a7d7289cdef468ba2e6024542f73f07
  languageName: node
  linkType: hard

"escape-string-regexp@npm:^4.0.0":
  version: 4.0.0
  resolution: "escape-string-regexp@npm:4.0.0"
  checksum: c747be8d5ff7873127e3e0cffe7d2206a37208077fa9c30a3c1bb4f26bebd081c8c24d5fba7a99449f9d20670bea3dc5e1b6098b0f074b099bd38766271a272f
  languageName: node
  linkType: hard

"extend@npm:~3.0.2":
  version: 3.0.2
  resolution: "extend@npm:3.0.2"
  checksum: 1406da1f0c4b00b839497e4cdd0ec4303ce2ae349144b7c28064a5073c93ce8c08da4e8fb1bc5cb459ffcdff30a35fc0fe54344eb88320e70100c1baea6f195c
  languageName: node
  linkType: hard

"extsprintf@npm:1.3.0":
  version: 1.3.0
  resolution: "extsprintf@npm:1.3.0"
  checksum: 892efd56aa9b27cbfbca42ad0c59308633f66000e71d1fb19c6989ea7309b32f3ff281778871bd2ce9bc7f3ad02515aa2783cea0323d0f6ff840b7c6a6a4603e
  languageName: node
  linkType: hard

"extsprintf@npm:^1.2.0":
  version: 1.4.0
  resolution: "extsprintf@npm:1.4.0"
  checksum: 092e011574324c5cddd78b5a27f869c2703613c1140eb7763aef8f5b0e33769a9b4c7dbcc50acd39b6afebe79bf66adcec73bf3c84e095c5bcfb42306d128ad0
  languageName: node
  linkType: hard

"fast-deep-equal@npm:^3.1.1":
  version: 3.1.3
  resolution: "fast-deep-equal@npm:3.1.3"
  checksum: 451526766b219503131d11e823eaadd1533080b0be4860e316670b039dcaf31cd1007c2fe036a9b922abba7c040dfad5e942ed79d21f2ff849e50049f36e0fb7
  languageName: node
  linkType: hard

"fast-json-stable-stringify@npm:^2.0.0":
  version: 2.1.0
  resolution: "fast-json-stable-stringify@npm:2.1.0"
  checksum: 7df3fabfe445d65953b2d9d9d3958bd895438b215a40fb87dae8b2165c5169a897785eb5d51e6cf0eb03523af756e3d82ea01083f6ac6341fe16db532fee3016
  languageName: node
  linkType: hard

"forever-agent@npm:~0.6.1":
  version: 0.6.1
  resolution: "forever-agent@npm:0.6.1"
  checksum: 9cc0054dd4ea5fc26e014b8c929d1fb9247e931e81165cbd965a712061d65fb84791b2124f64cd79492e516662b94068d29fe1d824732382237321b3f61955fe
  languageName: node
  linkType: hard

"form-data@npm:~2.3.2":
  version: 2.3.3
  resolution: "form-data@npm:2.3.3"
  dependencies:
    asynckit: ^0.4.0
    combined-stream: ^1.0.6
    mime-types: ^2.1.12
  checksum: 862e686b105634222db77138d5f5ae08ba85f88c04925de5be86b2b9d03cf671d86566ad10f1dd5217634c0f1634069dfc1a663a1cc13e8fbac0ce8f670ad070
  languageName: node
  linkType: hard

"getpass@npm:^0.1.1":
  version: 0.1.7
  resolution: "getpass@npm:0.1.7"
  dependencies:
    assert-plus: ^1.0.0
  checksum: 2650725bc6939616da8432e5351ca87d8b29421bb8dc19c21bad2c37cd337d2a50d36fcc398ce0c16a075f6079afe114131780dca7e2f4b96063e53e7d28fd7a
  languageName: node
  linkType: hard

"har-schema@npm:^2.0.0":
  version: 2.0.0
  resolution: "har-schema@npm:2.0.0"
  checksum: e27ac33a968b8a3b2cc32e53afaec8aa795d08b058ef9b09b3bbce74db7ecadcabf60a6186e3bb901335d2c72bbf9e2af59429d736b5e80dc0edf18b3e1c5860
  languageName: node
  linkType: hard

"har-validator@npm:~5.1.3":
  version: 5.1.5
  resolution: "har-validator@npm:5.1.5"
  dependencies:
    ajv: ^6.12.3
    har-schema: ^2.0.0
  checksum: 01b905cdaa7632c926a962c8127a77b98387935ef3aa0b44dae871eae2592ba6da948a3bdbb3eeceb90fa1599300f16716e50147965a7ea7c4e7c4e57ac69727
  languageName: node
  linkType: hard

"http-signature@npm:~1.2.0":
  version: 1.2.0
  resolution: "http-signature@npm:1.2.0"
  dependencies:
    assert-plus: ^1.0.0
    jsprim: ^1.2.2
    sshpk: ^1.7.0
  checksum: d28227eed37cb0dae0e76c46b2a5e611c678808433e5642238f17dba7f2c9c8f8d1646122d57ec1a110ecc7e8b9f5b7aa0462f1e2a5fa3b41f2fca5a69af7edf
  languageName: node
  linkType: hard

"ioredis@npm:^4.19.4":
  version: 4.22.0
  resolution: "ioredis@npm:4.22.0"
  dependencies:
    cluster-key-slot: ^1.1.0
    debug: ^4.1.1
    denque: ^1.1.0
    lodash.defaults: ^4.2.0
    lodash.flatten: ^4.4.0
    p-map: ^2.1.0
    redis-commands: 1.7.0
    redis-errors: ^1.2.0
    redis-parser: ^3.0.0
    standard-as-callback: ^2.0.1
  checksum: ffe9aec371bda152ae8aee61fda079c3344252c67d778dc8740b14c8633d983f390d8b91df8b3a2ba52b9c7c0e3df343c85e23a9f5dbd83516637e295ffd203b
  languageName: node
  linkType: hard

"is-typedarray@npm:~1.0.0":
  version: 1.0.0
  resolution: "is-typedarray@npm:1.0.0"
  checksum: 4e21156e7360a5916eded35c5938adf6278299a8055640864eebb251e4351cd605beccddf9af27477e19f753d453412fe0c21379bb54b55cfdf5add263076959
  languageName: node
  linkType: hard

"isstream@npm:~0.1.2":
  version: 0.1.2
  resolution: "isstream@npm:0.1.2"
  checksum: 8e6e5c4cf1823562db7035d2e7bac388412060fe9bc6727eca8c608def5aa57709165c51c2e68a2fce6ff0b64d79489501b84715060c5e8a477b87b6cbcd1eca
  languageName: node
  linkType: hard

"jsbn@npm:~0.1.0":
  version: 0.1.1
  resolution: "jsbn@npm:0.1.1"
  checksum: b530d48a64e6aff9523407856a54c5b9beee30f34a410612057f4fa097d90072fc8403c49604dacf0c3e7620dca43c2b7f0de3f954af611e43716a254c46f6f5
  languageName: node
  linkType: hard

"json-schema-traverse@npm:^0.4.1":
  version: 0.4.1
  resolution: "json-schema-traverse@npm:0.4.1"
  checksum: 6f71bddba38aa043cf9c05ff9cf37158a6657909f1dd37032ba164b76923da47a17bb4592ee4f7f9c029dfaf26965b821ac214c1f991bb3bd038c9cfea2da50b
  languageName: node
  linkType: hard

"json-schema@npm:0.2.3":
  version: 0.2.3
  resolution: "json-schema@npm:0.2.3"
  checksum: d382ea841f0af5cf6ae3b63043c6ddbd144086de52342b5dd32d8966872dce1e0ed280f6b27c5fba97e50cf8640f27b593e039cb95df365718ada03ef0feb9f2
  languageName: node
  linkType: hard

"json-stringify-safe@npm:~5.0.1":
  version: 5.0.1
  resolution: "json-stringify-safe@npm:5.0.1"
  checksum: 261dfb8eb3e72c8b0dda11fd7c20c151ffc1d1b03e529245d51708c8dd8d8c6a225880464adf41a570dff6e5c805fd9d1f47fed948cfb526e4fbe5a67ce4e5f4
  languageName: node
  linkType: hard

"jsprim@npm:^1.2.2":
  version: 1.4.1
  resolution: "jsprim@npm:1.4.1"
  dependencies:
    assert-plus: 1.0.0
    extsprintf: 1.3.0
    json-schema: 0.2.3
    verror: 1.10.0
  checksum: ee0177b7ef39e6becf18c586d31fabe15d62be88e7867d3aff86466e4a3de9a2cd47b6e597417aebc1cd3c2d43bc662e79ab5eecdadf3ce0643e909432ed6d2c
  languageName: node
  linkType: hard

"lodash.defaults@npm:^4.2.0":
  version: 4.2.0
  resolution: "lodash.defaults@npm:4.2.0"
  checksum: fde72e71f7b7ece10c24e43dd601574168467d50bc76687302d40de341d5cb8e35b100105d938458747d2ad5f20d8bb736e62523ef39d1a8b40f7307c50f10ac
  languageName: node
  linkType: hard

"lodash.flatten@npm:^4.4.0":
  version: 4.4.0
  resolution: "lodash.flatten@npm:4.4.0"
  checksum: f22a7f6f163256d87345b07c76122e03d03abbf943b6c3aa5e5fafb7d5bce765013aedfc2aae7e649af0907287a2cf85de24237dbdd3ecd485a77d56e070b54c
  languageName: node
  linkType: hard

"lodash@npm:^3.9.3":
  version: 3.10.1
  resolution: "lodash@npm:3.10.1"
  checksum: 0d90e79ce058c8d3e12a027a9fe7bc26107ec5c674c66bfe28c68931c12b7de2a5366477bd639adbf0e60407df3a259b77123c440e1fd2cec09ad1423b574a64
  languageName: node
  linkType: hard

"lodash@npm:^4.17.19":
  version: 4.17.20
  resolution: "lodash@npm:4.17.20"
  checksum: c62101d2500c383b5f174a7e9e6fe8098149ddd6e9ccfa85f36d4789446195f5c4afd3cfba433026bcaf3da271256566b04a2bf2618e5a39f6e67f8c12030cb6
  languageName: node
  linkType: hard

"mime-db@npm:1.45.0":
  version: 1.45.0
  resolution: "mime-db@npm:1.45.0"
  checksum: 86701c54f748c72a5c05c16f881cdfa01db44a61e52f4cef3d872b5f3e4a3c4186c28df7a5fec31debc9bee42d5afc9b86ff8ff3d3eaf1440f07140b94a33d4a
  languageName: node
  linkType: hard

"mime-types@npm:^2.1.12, mime-types@npm:~2.1.19":
  version: 2.1.28
  resolution: "mime-types@npm:2.1.28"
  dependencies:
    mime-db: 1.45.0
  checksum: 89d14a1af2be7f3c9682d1af98f422addce894b9c3ed1e67acb6e59e4c910c58a3586db686d894b47708d07c2ae76de4246b66dc4a7d698b0d1bd761c309bb92
  languageName: node
  linkType: hard

"ms@npm:2.1.2":
  version: 2.1.2
  resolution: "ms@npm:2.1.2"
  checksum: 9b65fb709bc30c0c07289dcbdb61ca032acbb9ea5698b55fa62e2cebb04c5953f1876a1f3f7f4bc2e91d4bf4d86003f3e207c3bc6ee2f716f99827e62389cd0e
  languageName: node
  linkType: hard

"node-async-locks@npm:^1.0.1":
  version: 1.0.1
  resolution: "node-async-locks@npm:1.0.1"
  dependencies:
    bluebird: ^2.9.30
    lodash: ^3.9.3
  checksum: 38f97da4a52ed792efebbf0ce80c7b7acbf9083f8c9665473d05fff1b7dd0f09e5e7195ff45fb7f9086783052d187f08192e5e006e7fcad9238693469eb4228c
  languageName: node
  linkType: hard

"node-fetch@npm:2.6.1":
  version: 2.6.1
  resolution: "node-fetch@npm:2.6.1"
  checksum: cbb171635e538162b977eac5dfe7a1e07a9a02e991924377a6435502291e2f823d306b95aabc455caebf4a118ccf836868462bc70ccc3095af02bb9da61fda37
  languageName: node
  linkType: hard

"node-persist@npm:^3.1.0":
  version: 3.1.0
  resolution: "node-persist@npm:3.1.0"
  checksum: c0cb2ec59d56d7760b6efdbb553511009cd40ce4709c27e7f29b7eee1318572a346031879f732c932b496d47fa406d657a4b7717e4411f9ab031a70fb62e9443
  languageName: node
  linkType: hard

"oauth-sign@npm:~0.9.0":
  version: 0.9.0
  resolution: "oauth-sign@npm:0.9.0"
  checksum: af1ab60297c3a687d1d2de5c43c6453c4df6939de3e6114ada4a486ac51fa7ab1769f33000b94c0e8ffced5ae4c57c4f5d36b517792d83e9e9742578a728682e
  languageName: node
  linkType: hard

"p-map@npm:^2.1.0":
  version: 2.1.0
  resolution: "p-map@npm:2.1.0"
  checksum: 8557e841ed832a489aaee7d825b7bea73e0559c452578821f5af418f430a8455727ab8dd5b4318b6b6733096029cfa571aa0e8d21bdd2c213025f02f919f7a9a
  languageName: node
  linkType: hard

"performance-now@npm:^2.1.0":
  version: 2.1.0
  resolution: "performance-now@npm:2.1.0"
  checksum: bb4ebed0b03d6c3ad3ae4eddd1182c895d385cff9096af441c19c130aaae3ea70229438ebc3297dfc52c86022f6becf177a810050823d01bf5280779cd2de624
  languageName: node
  linkType: hard

"prettier@npm:^2.1.2":
  version: 2.2.1
  resolution: "prettier@npm:2.2.1"
  bin:
    prettier: bin-prettier.js
  checksum: 92c6c9f4b87eba1f28466edee57dd18c80d00b858edda77d46d1950d20e6e302b68ee255fc91133ba931e63c4577b5ae30da194d9626a8f3c0177778b91bf056
  languageName: node
  linkType: hard

"psl@npm:^1.1.28":
  version: 1.8.0
  resolution: "psl@npm:1.8.0"
  checksum: 92d47c6257456878bfa8190d76b84de69bcefdc129eeee3f9fe204c15fd08d35fe5b8627033f39b455e40a9375a1474b25ff4ab2c5448dd8c8f75da692d0f5b4
  languageName: node
  linkType: hard

"punycode@npm:^2.1.0, punycode@npm:^2.1.1":
  version: 2.1.1
  resolution: "punycode@npm:2.1.1"
  checksum: 0202dc191cb35bfd88870ac99a1e824b03486d4cee20b543ef337a6dee8d8b11017da32a3e4c40b69b19976e982c030b62bd72bba42884acb691bc5ef91354c8
  languageName: node
  linkType: hard

"qs@npm:~6.5.2":
  version: 6.5.2
  resolution: "qs@npm:6.5.2"
  checksum: fa0410eff2c05ce3328e11f82db4015e7819c986ee056d6b62b06ae112f4929af09ea3b879ca168ff9f0338f50972bba487ad0e46c879e42bfaf63c3c2ea7f09
  languageName: node
  linkType: hard

"redis-commands@npm:1.7.0":
  version: 1.7.0
  resolution: "redis-commands@npm:1.7.0"
  checksum: cbf5d33768b1c8e1001e2a7ffdaeb6ef830c538ef812d803a1c5e6038cf03482cf0a22b29eadf1182aa02a522331826e3af0967ae75fa7883da8a139ad2fc77b
  languageName: node
  linkType: hard

"redis-errors@npm:^1.0.0, redis-errors@npm:^1.2.0":
  version: 1.2.0
  resolution: "redis-errors@npm:1.2.0"
  checksum: b260bb64a1c8523d32a56701681ac3e5cc6bb0a4eb09f1d30729ebba397021d274216ff189909c08fe3c6b706ec8b74948e20ea410b6f69d31b35bda3fb82a59
  languageName: node
  linkType: hard

"redis-parser@npm:^3.0.0":
  version: 3.0.0
  resolution: "redis-parser@npm:3.0.0"
  dependencies:
    redis-errors: ^1.0.0
  checksum: 45dbcb05bed2c80a4aac288bbefed2347ecf3508c24d542ab42efa21fd63b5aaca4208b206f05818835a2ac43abe09250c2638c11c3b0b66a5d67e83985e350f
  languageName: node
  linkType: hard

"request-promise-core@npm:1.1.4":
  version: 1.1.4
  resolution: "request-promise-core@npm:1.1.4"
  dependencies:
    lodash: ^4.17.19
  peerDependencies:
    request: ^2.34
  checksum: 7c9c90bf00158f6669e7167425cd113edadaca44b5aebc7c6a7969d9f50d93bfae8275038bdf6389b4e94f1cacacca7e5830d28701692818bdfba353eeb2ddfd
  languageName: node
  linkType: hard

"request-promise@npm:^4.2.6":
  version: 4.2.6
  resolution: "request-promise@npm:4.2.6"
  dependencies:
    bluebird: ^3.5.0
    request-promise-core: 1.1.4
    stealthy-require: ^1.1.1
    tough-cookie: ^2.3.3
  peerDependencies:
    request: ^2.34
  checksum: 6a715e7817dd11a77ac2a1eaa334a3fb5616436be1a2ffe07f605711a1cd6bf87149aa6173dfda8897f81e399b86f98ed088c594fa1a726958777fcb4a26a991
  languageName: node
  linkType: hard

"request@npm:^2.88.2":
  version: 2.88.2
  resolution: "request@npm:2.88.2"
  dependencies:
    aws-sign2: ~0.7.0
    aws4: ^1.8.0
    caseless: ~0.12.0
    combined-stream: ~1.0.6
    extend: ~3.0.2
    forever-agent: ~0.6.1
    form-data: ~2.3.2
    har-validator: ~5.1.3
    http-signature: ~1.2.0
    is-typedarray: ~1.0.0
    isstream: ~0.1.2
    json-stringify-safe: ~5.0.1
    mime-types: ~2.1.19
    oauth-sign: ~0.9.0
    performance-now: ^2.1.0
    qs: ~6.5.2
    safe-buffer: ^5.1.2
    tough-cookie: ~2.5.0
    tunnel-agent: ^0.6.0
    uuid: ^3.3.2
  checksum: 7a74841f3024cac21d8c3cca7f7f2e4243fbd62464d2f291fddb94008a9d010e20c4a1488f4224b03412a4438a699db2a3de11019e486c8e656f86b0b79bf022
  languageName: node
  linkType: hard

"safe-buffer@npm:^5.0.1, safe-buffer@npm:^5.1.2":
  version: 5.2.1
  resolution: "safe-buffer@npm:5.2.1"
  checksum: 0bb57f0d8f9d1fa4fe35ad8a2db1f83a027d48f2822d59ede88fd5cd4ddad83c0b497213feb7a70fbf90597a70c5217f735b0eb1850df40ce9b4ae81dd22b3f9
  languageName: node
  linkType: hard

"safer-buffer@npm:^2.0.2, safer-buffer@npm:^2.1.0, safer-buffer@npm:~2.1.0":
  version: 2.1.2
  resolution: "safer-buffer@npm:2.1.2"
  checksum: 549ba83f5b314b59898efe3422120ce1ca7987a6eae5925a5fa5db930dc414d4a9dde0a5594f89638cd6ea60b6840ea961872908933ac2428d1726489db46fa5
  languageName: node
  linkType: hard

"sshpk@npm:^1.7.0":
  version: 1.16.1
  resolution: "sshpk@npm:1.16.1"
  dependencies:
    asn1: ~0.2.3
    assert-plus: ^1.0.0
    bcrypt-pbkdf: ^1.0.0
    dashdash: ^1.12.0
    ecc-jsbn: ~0.1.1
    getpass: ^0.1.1
    jsbn: ~0.1.0
    safer-buffer: ^2.0.2
    tweetnacl: ~0.14.0
  bin:
    sshpk-conv: bin/sshpk-conv
    sshpk-sign: bin/sshpk-sign
    sshpk-verify: bin/sshpk-verify
  checksum: 4bd7422634ec3730404186179e5d9ba913accc64449f18d594b3a757a3b81000719adc94cf0c93a7b3da42487ae42404a1f37bfaa7908a60743d4478382b9d78
  languageName: node
  linkType: hard

"standard-as-callback@npm:^2.0.1":
  version: 2.0.1
  resolution: "standard-as-callback@npm:2.0.1"
  checksum: 58a0ddb90d674f6af7e099c1fedd339276e98a218fd88f1a6134a4910c5ff8d272815cf8cc758b2d61fa3f523853c8fa6ef3cb0692912e7ff35870dedffa8ffc
  languageName: node
  linkType: hard

"stealthy-require@npm:^1.1.1":
  version: 1.1.1
  resolution: "stealthy-require@npm:1.1.1"
  checksum: f24a9bc613817dea37afcbf64578f2ba0195916d906ebdaa1c1d5b8e9d51fd462cbf4c61ae04217babd0cf662e6c0115fd972dffa8e62a7f6f44f3109fb4c796
  languageName: node
  linkType: hard

"tmi.js@npm:^1.5.0":
  version: 1.7.1
  resolution: "tmi.js@npm:1.7.1"
  dependencies:
    node-fetch: 2.6.1
    ws: 7.4.0
  checksum: 86f90d29dc8e6d95211528f92174866f63c8194d3e4558c1b49dd60a8381aad05bfafc9495b3ef2385ee2c7b106e90c158366d47aa96a206d65dd844c625f2c8
  languageName: node
  linkType: hard

"tough-cookie@npm:^2.3.3, tough-cookie@npm:~2.5.0":
  version: 2.5.0
  resolution: "tough-cookie@npm:2.5.0"
  dependencies:
    psl: ^1.1.28
    punycode: ^2.1.1
  checksum: bf5d6fac5ce0bebc5876cb9b9a79d3d9ea21c9e4099f3d3e64701d6ba170a052cb88cece6737ec2473bac4f0a4f6c75d46ec17985be8587c6bbdd38d91625cb4
  languageName: node
  linkType: hard

"tunnel-agent@npm:^0.6.0":
  version: 0.6.0
  resolution: "tunnel-agent@npm:0.6.0"
  dependencies:
    safe-buffer: ^5.0.1
  checksum: 03db75a4f994fee610d3485c492e95105ed265a9fecd49d14c98e9982f973ecc0220d0c1bc264e37802e423a1274bb63788a873e4e07009408ae3ac517347fd7
  languageName: node
  linkType: hard

"tweetnacl@npm:^0.14.3, tweetnacl@npm:~0.14.0":
  version: 0.14.5
  resolution: "tweetnacl@npm:0.14.5"
  checksum: e1c9d52e2e9f582fd0df9ea26ba5a9ab88b9a38b69625d8e55c5e8870a4832ac8c32f8854b41fce7b59f97258bb103535363f9eda7050aa70e75824b972c7dde
  languageName: node
  linkType: hard

"uri-js@npm:^4.2.2":
  version: 4.4.1
  resolution: "uri-js@npm:4.4.1"
  dependencies:
    punycode: ^2.1.0
  checksum: 7d8ae8e2d7b82480d7d337f3e53c9a89ffdc7ebb1c31f212da3df6349f2fd1e6a4361f5fb27369ecab33fa37aa85edc53aec6eb7c9a7c3207a9e0944e8c48802
  languageName: node
  linkType: hard

"uuid@npm:^3.3.2":
  version: 3.4.0
  resolution: "uuid@npm:3.4.0"
  bin:
    uuid: ./bin/uuid
  checksum: 1ce3f37e214d6d0dc94a6a9663a0365013ace66bc3fd5b203e6f5d2eeb978aaee1192367222386345d30b4c6a447928c501121aa84c637724bf105ef57284949
  languageName: node
  linkType: hard

"verror@npm:1.10.0":
  version: 1.10.0
  resolution: "verror@npm:1.10.0"
  dependencies:
    assert-plus: ^1.0.0
    core-util-is: 1.0.2
    extsprintf: ^1.2.0
  checksum: 38ea80312cb42e5e8b4ac562d108d675b2354a79f8f125d363671f692657461b9181fd26f4fc9acdca433f8afee099cb78058806e1303e6b15b8fb022affba94
  languageName: node
  linkType: hard

"ws@npm:7.4.0":
  version: 7.4.0
  resolution: "ws@npm:7.4.0"
  peerDependencies:
    bufferutil: ^4.0.1
    utf-8-validate: ^5.0.2
  peerDependenciesMeta:
    bufferutil:
      optional: true
    utf-8-validate:
      optional: true
  checksum: 67c0f3b86d89c20e337b0bd712e0a2752068eadc0cf13c024d0532c18d073381ced485fb114a636998327a82c34d83720f4ceb7632395c0cb9580ce221177fd8
  languageName: node
  linkType: hard
